// !$*UTF8*$!
{
	archiveVersion = 1;
	classes = {
	};
	objectVersion = 46;
	objects = {

/* Begin PBXBuildFile section */
		F5135CA61CBCDBA10071CC61 /* Notify.swift in Sources */ = {isa = PBXBuildFile; fileRef = F5135CA51CBCDBA10071CC61 /* Notify.swift */; };
		F530706A1CB788F100556EB8 /* AppDelegate.swift in Sources */ = {isa = PBXBuildFile; fileRef = F53070691CB788F100556EB8 /* AppDelegate.swift */; };
		F530706C1CB788F100556EB8 /* ViewController.swift in Sources */ = {isa = PBXBuildFile; fileRef = F530706B1CB788F100556EB8 /* ViewController.swift */; };
		F530706F1CB788F100556EB8 /* Main.storyboard in Resources */ = {isa = PBXBuildFile; fileRef = F530706D1CB788F100556EB8 /* Main.storyboard */; };
		F53070711CB788F100556EB8 /* Assets.xcassets in Resources */ = {isa = PBXBuildFile; fileRef = F53070701CB788F100556EB8 /* Assets.xcassets */; };
		F53070741CB788F100556EB8 /* LaunchScreen.storyboard in Resources */ = {isa = PBXBuildFile; fileRef = F53070721CB788F100556EB8 /* LaunchScreen.storyboard */; };
		F530707F1CB788F100556EB8 /* EHBOAppATests.swift in Sources */ = {isa = PBXBuildFile; fileRef = F530707E1CB788F100556EB8 /* EHBOAppATests.swift */; };
		F530708A1CB788F100556EB8 /* EHBOAppAUITests.swift in Sources */ = {isa = PBXBuildFile; fileRef = F53070891CB788F100556EB8 /* EHBOAppAUITests.swift */; };
		F53070981CB7BD0300556EB8 /* NewMessageMaker.swift in Sources */ = {isa = PBXBuildFile; fileRef = F53070971CB7BD0300556EB8 /* NewMessageMaker.swift */; };
		F5312CA81CBCDFA300C270F3 /* AppManager.swift in Sources */ = {isa = PBXBuildFile; fileRef = F5312CA71CBCDFA300C270F3 /* AppManager.swift */; };
		F584D9E01CBCE1BD00D06996 /* TableViewController.swift in Sources */ = {isa = PBXBuildFile; fileRef = F584D9DF1CBCE1BD00D06996 /* TableViewController.swift */; };
		F584D9E21CBCE58C00D06996 /* DetailsViewController.swift in Sources */ = {isa = PBXBuildFile; fileRef = F584D9E11CBCE58C00D06996 /* DetailsViewController.swift */; };
/* End PBXBuildFile section */

/* Begin PBXContainerItemProxy section */
		F530707B1CB788F100556EB8 /* PBXContainerItemProxy */ = {
			isa = PBXContainerItemProxy;
			containerPortal = F530705E1CB788F100556EB8 /* Project object */;
			proxyType = 1;
			remoteGlobalIDString = F53070651CB788F100556EB8;
			remoteInfo = EHBOAppA;
		};
		F53070861CB788F100556EB8 /* PBXContainerItemProxy */ = {
			isa = PBXContainerItemProxy;
			containerPortal = F530705E1CB788F100556EB8 /* Project object */;
			proxyType = 1;
			remoteGlobalIDString = F53070651CB788F100556EB8;
			remoteInfo = EHBOAppA;
		};
/* End PBXContainerItemProxy section */

/* Begin PBXFileReference section */
		F5135CA51CBCDBA10071CC61 /* Notify.swift */ = {isa = PBXFileReference; fileEncoding = 4; lastKnownFileType = sourcecode.swift; path = Notify.swift; sourceTree = "<group>"; };
		F53070661CB788F100556EB8 /* EHBOAppA.app */ = {isa = PBXFileReference; explicitFileType = wrapper.application; includeInIndex = 0; path = EHBOAppA.app; sourceTree = BUILT_PRODUCTS_DIR; };
		F53070691CB788F100556EB8 /* AppDelegate.swift */ = {isa = PBXFileReference; lastKnownFileType = sourcecode.swift; path = AppDelegate.swift; sourceTree = "<group>"; };
		F530706B1CB788F100556EB8 /* ViewController.swift */ = {isa = PBXFileReference; lastKnownFileType = sourcecode.swift; path = ViewController.swift; sourceTree = "<group>"; };
		F530706E1CB788F100556EB8 /* Base */ = {isa = PBXFileReference; lastKnownFileType = file.storyboard; name = Base; path = Base.lproj/Main.storyboard; sourceTree = "<group>"; };
		F53070701CB788F100556EB8 /* Assets.xcassets */ = {isa = PBXFileReference; lastKnownFileType = folder.assetcatalog; path = Assets.xcassets; sourceTree = "<group>"; };
		F53070731CB788F100556EB8 /* Base */ = {isa = PBXFileReference; lastKnownFileType = file.storyboard; name = Base; path = Base.lproj/LaunchScreen.storyboard; sourceTree = "<group>"; };
		F53070751CB788F100556EB8 /* Info.plist */ = {isa = PBXFileReference; lastKnownFileType = text.plist.xml; path = Info.plist; sourceTree = "<group>"; };
		F530707A1CB788F100556EB8 /* EHBOAppATests.xctest */ = {isa = PBXFileReference; explicitFileType = wrapper.cfbundle; includeInIndex = 0; path = EHBOAppATests.xctest; sourceTree = BUILT_PRODUCTS_DIR; };
		F530707E1CB788F100556EB8 /* EHBOAppATests.swift */ = {isa = PBXFileReference; lastKnownFileType = sourcecode.swift; path = EHBOAppATests.swift; sourceTree = "<group>"; };
		F53070801CB788F100556EB8 /* Info.plist */ = {isa = PBXFileReference; lastKnownFileType = text.plist.xml; path = Info.plist; sourceTree = "<group>"; };
		F53070851CB788F100556EB8 /* EHBOAppAUITests.xctest */ = {isa = PBXFileReference; explicitFileType = wrapper.cfbundle; includeInIndex = 0; path = EHBOAppAUITests.xctest; sourceTree = BUILT_PRODUCTS_DIR; };
		F53070891CB788F100556EB8 /* EHBOAppAUITests.swift */ = {isa = PBXFileReference; lastKnownFileType = sourcecode.swift; path = EHBOAppAUITests.swift; sourceTree = "<group>"; };
		F530708B1CB788F100556EB8 /* Info.plist */ = {isa = PBXFileReference; lastKnownFileType = text.plist.xml; path = Info.plist; sourceTree = "<group>"; };
		F53070971CB7BD0300556EB8 /* NewMessageMaker.swift */ = {isa = PBXFileReference; fileEncoding = 4; lastKnownFileType = sourcecode.swift; path = NewMessageMaker.swift; sourceTree = "<group>"; };
		F5312CA71CBCDFA300C270F3 /* AppManager.swift */ = {isa = PBXFileReference; fileEncoding = 4; lastKnownFileType = sourcecode.swift; path = AppManager.swift; sourceTree = "<group>"; };
		F584D9DF1CBCE1BD00D06996 /* TableViewController.swift */ = {isa = PBXFileReference; fileEncoding = 4; lastKnownFileType = sourcecode.swift; path = TableViewController.swift; sourceTree = "<group>"; };
		F584D9E11CBCE58C00D06996 /* DetailsViewController.swift */ = {isa = PBXFileReference; fileEncoding = 4; lastKnownFileType = sourcecode.swift; path = DetailsViewController.swift; sourceTree = "<group>"; };
/* End PBXFileReference section */

/* Begin PBXFrameworksBuildPhase section */
		F53070631CB788F100556EB8 /* Frameworks */ = {
			isa = PBXFrameworksBuildPhase;
			buildActionMask = 2147483647;
			files = (
			);
			runOnlyForDeploymentPostprocessing = 0;
		};
		F53070771CB788F100556EB8 /* Frameworks */ = {
			isa = PBXFrameworksBuildPhase;
			buildActionMask = 2147483647;
			files = (
			);
			runOnlyForDeploymentPostprocessing = 0;
		};
		F53070821CB788F100556EB8 /* Frameworks */ = {
			isa = PBXFrameworksBuildPhase;
			buildActionMask = 2147483647;
			files = (
			);
			runOnlyForDeploymentPostprocessing = 0;
		};
/* End PBXFrameworksBuildPhase section */

/* Begin PBXGroup section */
		F530705D1CB788F100556EB8 = {
			isa = PBXGroup;
			children = (
				F53070681CB788F100556EB8 /* EHBOAppA */,
				F530707D1CB788F100556EB8 /* EHBOAppATests */,
				F53070881CB788F100556EB8 /* EHBOAppAUITests */,
				F53070671CB788F100556EB8 /* Products */,
			);
			sourceTree = "<group>";
		};
		F53070671CB788F100556EB8 /* Products */ = {
			isa = PBXGroup;
			children = (
				F53070661CB788F100556EB8 /* EHBOAppA.app */,
				F530707A1CB788F100556EB8 /* EHBOAppATests.xctest */,
				F53070851CB788F100556EB8 /* EHBOAppAUITests.xctest */,
			);
			name = Products;
			sourceTree = "<group>";
		};
		F53070681CB788F100556EB8 /* EHBOAppA */ = {
			isa = PBXGroup;
			children = (
				F53070691CB788F100556EB8 /* AppDelegate.swift */,
				F530706B1CB788F100556EB8 /* ViewController.swift */,
				F5312CA71CBCDFA300C270F3 /* AppManager.swift */,
				F530706D1CB788F100556EB8 /* Main.storyboard */,
				F53070701CB788F100556EB8 /* Assets.xcassets */,
				F53070721CB788F100556EB8 /* LaunchScreen.storyboard */,
				F53070751CB788F100556EB8 /* Info.plist */,
				F53070971CB7BD0300556EB8 /* NewMessageMaker.swift */,
				F5135CA51CBCDBA10071CC61 /* Notify.swift */,
				F584D9DF1CBCE1BD00D06996 /* TableViewController.swift */,
				F584D9E11CBCE58C00D06996 /* DetailsViewController.swift */,
			);
			path = EHBOAppA;
			sourceTree = "<group>";
		};
		F530707D1CB788F100556EB8 /* EHBOAppATests */ = {
			isa = PBXGroup;
			children = (
				F530707E1CB788F100556EB8 /* EHBOAppATests.swift */,
				F53070801CB788F100556EB8 /* Info.plist */,
			);
			path = EHBOAppATests;
			sourceTree = "<group>";
		};
		F53070881CB788F100556EB8 /* EHBOAppAUITests */ = {
			isa = PBXGroup;
			children = (
				F53070891CB788F100556EB8 /* EHBOAppAUITests.swift */,
				F530708B1CB788F100556EB8 /* Info.plist */,
			);
			path = EHBOAppAUITests;
			sourceTree = "<group>";
		};
/* End PBXGroup section */

/* Begin PBXNativeTarget section */
		F53070651CB788F100556EB8 /* EHBOAppA */ = {
			isa = PBXNativeTarget;
			buildConfigurationList = F530708E1CB788F100556EB8 /* Build configuration list for PBXNativeTarget "EHBOAppA" */;
			buildPhases = (
				F53070621CB788F100556EB8 /* Sources */,
				F53070631CB788F100556EB8 /* Frameworks */,
				F53070641CB788F100556EB8 /* Resources */,
			);
			buildRules = (
			);
			dependencies = (
			);
			name = EHBOAppA;
			productName = EHBOAppA;
			productReference = F53070661CB788F100556EB8 /* EHBOAppA.app */;
			productType = "com.apple.product-type.application";
		};
		F53070791CB788F100556EB8 /* EHBOAppATests */ = {
			isa = PBXNativeTarget;
			buildConfigurationList = F53070911CB788F100556EB8 /* Build configuration list for PBXNativeTarget "EHBOAppATests" */;
			buildPhases = (
				F53070761CB788F100556EB8 /* Sources */,
				F53070771CB788F100556EB8 /* Frameworks */,
				F53070781CB788F100556EB8 /* Resources */,
			);
			buildRules = (
			);
			dependencies = (
				F530707C1CB788F100556EB8 /* PBXTargetDependency */,
			);
			name = EHBOAppATests;
			productName = EHBOAppATests;
			productReference = F530707A1CB788F100556EB8 /* EHBOAppATests.xctest */;
			productType = "com.apple.product-type.bundle.unit-test";
		};
		F53070841CB788F100556EB8 /* EHBOAppAUITests */ = {
			isa = PBXNativeTarget;
			buildConfigurationList = F53070941CB788F100556EB8 /* Build configuration list for PBXNativeTarget "EHBOAppAUITests" */;
			buildPhases = (
				F53070811CB788F100556EB8 /* Sources */,
				F53070821CB788F100556EB8 /* Frameworks */,
				F53070831CB788F100556EB8 /* Resources */,
			);
			buildRules = (
			);
			dependencies = (
				F53070871CB788F100556EB8 /* PBXTargetDependency */,
			);
			name = EHBOAppAUITests;
			productName = EHBOAppAUITests;
			productReference = F53070851CB788F100556EB8 /* EHBOAppAUITests.xctest */;
			productType = "com.apple.product-type.bundle.ui-testing";
		};
/* End PBXNativeTarget section */

/* Begin PBXProject section */
		F530705E1CB788F100556EB8 /* Project object */ = {
			isa = PBXProject;
			attributes = {
				LastSwiftUpdateCheck = 0730;
				LastUpgradeCheck = 0730;
				ORGANIZATIONNAME = Fontys;
				TargetAttributes = {
					F53070651CB788F100556EB8 = {
						CreatedOnToolsVersion = 7.3;
						DevelopmentTeam = 6T9222M4U4;
					};
					F53070791CB788F100556EB8 = {
						CreatedOnToolsVersion = 7.3;
						DevelopmentTeam = H5DDT55EN4;
						TestTargetID = F53070651CB788F100556EB8;
					};
					F53070841CB788F100556EB8 = {
						CreatedOnToolsVersion = 7.3;
						DevelopmentTeam = H5DDT55EN4;
						TestTargetID = F53070651CB788F100556EB8;
					};
				};
			};
			buildConfigurationList = F53070611CB788F100556EB8 /* Build configuration list for PBXProject "EHBOAppA" */;
			compatibilityVersion = "Xcode 3.2";
			developmentRegion = English;
			hasScannedForEncodings = 0;
			knownRegions = (
				en,
				Base,
			);
			mainGroup = F530705D1CB788F100556EB8;
			productRefGroup = F53070671CB788F100556EB8 /* Products */;
			projectDirPath = "";
			projectRoot = "";
			targets = (
				F53070651CB788F100556EB8 /* EHBOAppA */,
				F53070791CB788F100556EB8 /* EHBOAppATests */,
				F53070841CB788F100556EB8 /* EHBOAppAUITests */,
			);
		};
/* End PBXProject section */

/* Begin PBXResourcesBuildPhase section */
		F53070641CB788F100556EB8 /* Resources */ = {
			isa = PBXResourcesBuildPhase;
			buildActionMask = 2147483647;
			files = (
				F53070741CB788F100556EB8 /* LaunchScreen.storyboard in Resources */,
				F53070711CB788F100556EB8 /* Assets.xcassets in Resources */,
				F530706F1CB788F100556EB8 /* Main.storyboard in Resources */,
			);
			runOnlyForDeploymentPostprocessing = 0;
		};
		F53070781CB788F100556EB8 /* Resources */ = {
			isa = PBXResourcesBuildPhase;
			buildActionMask = 2147483647;
			files = (
			);
			runOnlyForDeploymentPostprocessing = 0;
		};
		F53070831CB788F100556EB8 /* Resources */ = {
			isa = PBXResourcesBuildPhase;
			buildActionMask = 2147483647;
			files = (
			);
			runOnlyForDeploymentPostprocessing = 0;
		};
/* End PBXResourcesBuildPhase section */

/* Begin PBXSourcesBuildPhase section */
		F53070621CB788F100556EB8 /* Sources */ = {
			isa = PBXSourcesBuildPhase;
			buildActionMask = 2147483647;
			files = (
				F530706C1CB788F100556EB8 /* ViewController.swift in Sources */,
				F5312CA81CBCDFA300C270F3 /* AppManager.swift in Sources */,
				F530706A1CB788F100556EB8 /* AppDelegate.swift in Sources */,
				F5135CA61CBCDBA10071CC61 /* Notify.swift in Sources */,
				F584D9E01CBCE1BD00D06996 /* TableViewController.swift in Sources */,
				F53070981CB7BD0300556EB8 /* NewMessageMaker.swift in Sources */,
				F584D9E21CBCE58C00D06996 /* DetailsViewController.swift in Sources */,
			);
			runOnlyForDeploymentPostprocessing = 0;
		};
		F53070761CB788F100556EB8 /* Sources */ = {
			isa = PBXSourcesBuildPhase;
			buildActionMask = 2147483647;
			files = (
				F530707F1CB788F100556EB8 /* EHBOAppATests.swift in Sources */,
			);
			runOnlyForDeploymentPostprocessing = 0;
		};
		F53070811CB788F100556EB8 /* Sources */ = {
			isa = PBXSourcesBuildPhase;
			buildActionMask = 2147483647;
			files = (
				F530708A1CB788F100556EB8 /* EHBOAppAUITests.swift in Sources */,
			);
			runOnlyForDeploymentPostprocessing = 0;
		};
/* End PBXSourcesBuildPhase section */

/* Begin PBXTargetDependency section */
		F530707C1CB788F100556EB8 /* PBXTargetDependency */ = {
			isa = PBXTargetDependency;
			target = F53070651CB788F100556EB8 /* EHBOAppA */;
			targetProxy = F530707B1CB788F100556EB8 /* PBXContainerItemProxy */;
		};
		F53070871CB788F100556EB8 /* PBXTargetDependency */ = {
			isa = PBXTargetDependency;
			target = F53070651CB788F100556EB8 /* EHBOAppA */;
			targetProxy = F53070861CB788F100556EB8 /* PBXContainerItemProxy */;
		};
/* End PBXTargetDependency section */

/* Begin PBXVariantGroup section */
		F530706D1CB788F100556EB8 /* Main.storyboard */ = {
			isa = PBXVariantGroup;
			children = (
				F530706E1CB788F100556EB8 /* Base */,
			);
			name = Main.storyboard;
			sourceTree = "<group>";
		};
		F53070721CB788F100556EB8 /* LaunchScreen.storyboard */ = {
			isa = PBXVariantGroup;
			children = (
				F53070731CB788F100556EB8 /* Base */,
			);
			name = LaunchScreen.storyboard;
			sourceTree = "<group>";
		};
/* End PBXVariantGroup section */

/* Begin XCBuildConfiguration section */
		F530708C1CB788F100556EB8 /* Debug */ = {
			isa = XCBuildConfiguration;
			buildSettings = {
				ALWAYS_SEARCH_USER_PATHS = NO;
				CLANG_ANALYZER_NONNULL = YES;
				CLANG_CXX_LANGUAGE_STANDARD = "gnu++0x";
				CLANG_CXX_LIBRARY = "libc++";
				CLANG_ENABLE_MODULES = YES;
				CLANG_ENABLE_OBJC_ARC = YES;
				CLANG_WARN_BOOL_CONVERSION = YES;
				CLANG_WARN_CONSTANT_CONVERSION = YES;
				CLANG_WARN_DIRECT_OBJC_ISA_USAGE = YES_ERROR;
				CLANG_WARN_EMPTY_BODY = YES;
				CLANG_WARN_ENUM_CONVERSION = YES;
				CLANG_WARN_INT_CONVERSION = YES;
				CLANG_WARN_OBJC_ROOT_CLASS = YES_ERROR;
				CLANG_WARN_UNREACHABLE_CODE = YES;
				CLANG_WARN__DUPLICATE_METHOD_MATCH = YES;
				"CODE_SIGN_IDENTITY[sdk=iphoneos*]" = "iPhone Developer";
				COPY_PHASE_STRIP = NO;
				DEBUG_INFORMATION_FORMAT = dwarf;
				ENABLE_STRICT_OBJC_MSGSEND = YES;
				ENABLE_TESTABILITY = YES;
				GCC_C_LANGUAGE_STANDARD = gnu99;
				GCC_DYNAMIC_NO_PIC = NO;
				GCC_NO_COMMON_BLOCKS = YES;
				GCC_OPTIMIZATION_LEVEL = 0;
				GCC_PREPROCESSOR_DEFINITIONS = (
					"DEBUG=1",
					"$(inherited)",
				);
				GCC_WARN_64_TO_32_BIT_CONVERSION = YES;
				GCC_WARN_ABOUT_RETURN_TYPE = YES_ERROR;
				GCC_WARN_UNDECLARED_SELECTOR = YES;
				GCC_WARN_UNINITIALIZED_AUTOS = YES_AGGRESSIVE;
				GCC_WARN_UNUSED_FUNCTION = YES;
				GCC_WARN_UNUSED_VARIABLE = YES;
				IPHONEOS_DEPLOYMENT_TARGET = 9.3;
				MTL_ENABLE_DEBUG_INFO = YES;
				ONLY_ACTIVE_ARCH = YES;
				SDKROOT = iphoneos;
				SWIFT_OPTIMIZATION_LEVEL = "-Onone";
				TARGETED_DEVICE_FAMILY = "1,2";
			};
			name = Debug;
		};
		F530708D1CB788F100556EB8 /* Release */ = {
			isa = XCBuildConfiguration;
			buildSettings = {
				ALWAYS_SEARCH_USER_PATHS = NO;
				CLANG_ANALYZER_NONNULL = YES;
				CLANG_CXX_LANGUAGE_STANDARD = "gnu++0x";
				CLANG_CXX_LIBRARY = "libc++";
				CLANG_ENABLE_MODULES = YES;
				CLANG_ENABLE_OBJC_ARC = YES;
				CLANG_WARN_BOOL_CONVERSION = YES;
				CLANG_WARN_CONSTANT_CONVERSION = YES;
				CLANG_WARN_DIRECT_OBJC_ISA_USAGE = YES_ERROR;
				CLANG_WARN_EMPTY_BODY = YES;
				CLANG_WARN_ENUM_CONVERSION = YES;
				CLANG_WARN_INT_CONVERSION = YES;
				CLANG_WARN_OBJC_ROOT_CLASS = YES_ERROR;
				CLANG_WARN_UNREACHABLE_CODE = YES;
				CLANG_WARN__DUPLICATE_METHOD_MATCH = YES;
				"CODE_SIGN_IDENTITY[sdk=iphoneos*]" = "iPhone Developer";
				COPY_PHASE_STRIP = NO;
				DEBUG_INFORMATION_FORMAT = "dwarf-with-dsym";
				ENABLE_NS_ASSERTIONS = NO;
				ENABLE_STRICT_OBJC_MSGSEND = YES;
				GCC_C_LANGUAGE_STANDARD = gnu99;
				GCC_NO_COMMON_BLOCKS = YES;
				GCC_WARN_64_TO_32_BIT_CONVERSION = YES;
				GCC_WARN_ABOUT_RETURN_TYPE = YES_ERROR;
				GCC_WARN_UNDECLARED_SELECTOR = YES;
				GCC_WARN_UNINITIALIZED_AUTOS = YES_AGGRESSIVE;
				GCC_WARN_UNUSED_FUNCTION = YES;
				GCC_WARN_UNUSED_VARIABLE = YES;
				IPHONEOS_DEPLOYMENT_TARGET = 9.3;
				MTL_ENABLE_DEBUG_INFO = NO;
				SDKROOT = iphoneos;
				TARGETED_DEVICE_FAMILY = "1,2";
				VALIDATE_PRODUCT = YES;
			};
			name = Release;
		};
		F530708F1CB788F100556EB8 /* Debug */ = {
			isa = XCBuildConfiguration;
			buildSettings = {
				ASSETCATALOG_COMPILER_APPICON_NAME = AppIcon;
				CODE_SIGN_IDENTITY = "iPhone Developer";
				"CODE_SIGN_IDENTITY[sdk=iphoneos*]" = "iPhone Developer";
				INFOPLIST_FILE = EHBOAppA/Info.plist;
				LD_RUNPATH_SEARCH_PATHS = "$(inherited) @executable_path/Frameworks";
				PRODUCT_BUNDLE_IDENTIFIER = edu.fontys.sm.EHBOAppA;
				PRODUCT_NAME = "$(TARGET_NAME)";
				PROVISIONING_PROFILE = "";
			};
			name = Debug;
		};
		F53070901CB788F100556EB8 /* Release */ = {
			isa = XCBuildConfiguration;
			buildSettings = {
				ASSETCATALOG_COMPILER_APPICON_NAME = AppIcon;
				CODE_SIGN_IDENTITY = "iPhone Developer";
				"CODE_SIGN_IDENTITY[sdk=iphoneos*]" = "iPhone Developer";
				INFOPLIST_FILE = EHBOAppA/Info.plist;
				LD_RUNPATH_SEARCH_PATHS = "$(inherited) @executable_path/Frameworks";
				PRODUCT_BUNDLE_IDENTIFIER = edu.fontys.sm.EHBOAppA;
				PRODUCT_NAME = "$(TARGET_NAME)";
				PROVISIONING_PROFILE = "";
			};
			name = Release;
		};
		F53070921CB788F100556EB8 /* Debug */ = {
			isa = XCBuildConfiguration;
			buildSettings = {
				BUNDLE_LOADER = "$(TEST_HOST)";
				INFOPLIST_FILE = EHBOAppATests/Info.plist;
				LD_RUNPATH_SEARCH_PATHS = "$(inherited) @executable_path/Frameworks @loader_path/Frameworks";
				PRODUCT_BUNDLE_IDENTIFIER = edu.fontys.sm.EHBOAppATests;
				PRODUCT_NAME = "$(TARGET_NAME)";
				TEST_HOST = "$(BUILT_PRODUCTS_DIR)/EHBOAppA.app/EHBOAppA";
			};
			name = Debug;
		};
		F53070931CB788F100556EB8 /* Release */ = {
			isa = XCBuildConfiguration;
			buildSettings = {
				BUNDLE_LOADER = "$(TEST_HOST)";
				INFOPLIST_FILE = EHBOAppATests/Info.plist;
				LD_RUNPATH_SEARCH_PATHS = "$(inherited) @executable_path/Frameworks @loader_path/Frameworks";
				PRODUCT_BUNDLE_IDENTIFIER = edu.fontys.sm.EHBOAppATests;
				PRODUCT_NAME = "$(TARGET_NAME)";
				TEST_HOST = "$(BUILT_PRODUCTS_DIR)/EHBOAppA.app/EHBOAppA";
			};
			name = Release;
		};
		F53070951CB788F100556EB8 /* Debug */ = {
			isa = XCBuildConfiguration;
			buildSettings = {
				INFOPLIST_FILE = EHBOAppAUITests/Info.plist;
				LD_RUNPATH_SEARCH_PATHS = "$(inherited) @executable_path/Frameworks @loader_path/Frameworks";
				PRODUCT_BUNDLE_IDENTIFIER = edu.fontys.sm.EHBOAppAUITests;
				PRODUCT_NAME = "$(TARGET_NAME)";
				TEST_TARGET_NAME = EHBOAppA;
			};
			name = Debug;
		};
		F53070961CB788F100556EB8 /* Release */ = {
			isa = XCBuildConfiguration;
			buildSettings = {
				INFOPLIST_FILE = EHBOAppAUITests/Info.plist;
				LD_RUNPATH_SEARCH_PATHS = "$(inherited) @executable_path/Frameworks @loader_path/Frameworks";
				PRODUCT_BUNDLE_IDENTIFIER = edu.fontys.sm.EHBOAppAUITests;
				PRODUCT_NAME = "$(TARGET_NAME)";
				TEST_TARGET_NAME = EHBOAppA;
			};
			name = Release;
		};
/* End XCBuildConfiguration section */

/* Begin XCConfigurationList section */
		F53070611CB788F100556EB8 /* Build configuration list for PBXProject "EHBOAppA" */ = {
			isa = XCConfigurationList;
			buildConfigurations = (
				F530708C1CB788F100556EB8 /* Debug */,
				F530708D1CB788F100556EB8 /* Release */,
			);
			defaultConfigurationIsVisible = 0;
			defaultConfigurationName = Release;
		};
		F530708E1CB788F100556EB8 /* Build configuration list for PBXNativeTarget "EHBOAppA" */ = {
			isa = XCConfigurationList;
			buildConfigurations = (
				F530708F1CB788F100556EB8 /* Debug */,
				F53070901CB788F100556EB8 /* Release */,
			);
			defaultConfigurationIsVisible = 0;
			defaultConfigurationName = Release;
		};
		F53070911CB788F100556EB8 /* Build configuration list for PBXNativeTarget "EHBOAppATests" */ = {
			isa = XCConfigurationList;
			buildConfigurations = (
				F53070921CB788F100556EB8 /* Debug */,
				F53070931CB788F100556EB8 /* Release */,
			);
			defaultConfigurationIsVisible = 0;
			defaultConfigurationName = Release;
		};
		F53070941CB788F100556EB8 /* Build configuration list for PBXNativeTarget "EHBOAppAUITests" */ = {
			isa = XCConfigurationList;
			buildConfigurations = (
				F53070951CB788F100556EB8 /* Debug */,
				F53070961CB788F100556EB8 /* Release */,
			);
			defaultConfigurationIsVisible = 0;
			defaultConfigurationName = Release;
		};
/* End XCConfigurationList section */
	};
	rootObject = F530705E1CB788F100556EB8 /* Project object */;
}
